{
  "name": "goit-node-cli",
  "version": "1.0.0",
  "lockfileVersion": 3,
  "requires": true,
  "packages": {
    "": {
      "name": "goit-node-cli",
      "version": "1.0.0",
      "license": "ISC",
      "dependencies": {
        "commander": "^13.1.0",
        "detect-file-encoding-and-language": "^2.4.0"
      }
    },
    "node_modules/commander": {
      "version": "13.1.0",
      "resolved": "https://registry.npmjs.org/commander/-/commander-13.1.0.tgz",
      "integrity": "sha512-/rFeCpNJQbhSZjGVwO9RFV3xPqbnERS8MmIQzCtD/zl6gpJuV/bMLuN92oG3F7d8oDEHHRrujSXNUr8fpjntKw==",
      "license": "MIT",
      "engines": {
        "node": ">=18"
      }
    },
    "node_modules/detect-file-encoding-and-language": {
      "version": "2.4.0",
      "resolved": "https://registry.npmjs.org/detect-file-encoding-and-language/-/detect-file-encoding-and-language-2.4.0.tgz",
      "integrity": "sha512-moFSAumrGlLCNU5jnaHyCzRUJJu0BCZunfL08iMbnDAgvNnxZad7+WZ26U2dsrIbGChlDPLKmEyEb2tEPUJFkw==",
      "license": "MIT",
      "bin": {
        "dfeal": "bin/cli.js"
      }
    }
  }
}
